
Microsoft Visual Studio Solution File, Format Version 11.00
# Visual Studio 2010
Project("{FAE04EC0-301F-11D3-BF4B-00C04F79EFBC}") = "B2SServerPluginInterface", "B2SServerPluginInterface\B2SServerPluginInterface.csproj", "{FDB019C2-E19D-4A9F-93A6-3BEF5DEEF300}"
EndProject
Global
	GlobalSection(SolutionConfigurationPlatforms) = preSolution
		Debug|Any CPU = Debug|Any CPU
		Release|Any CPU = Release|Any CPU
	EndGlobalSection
	GlobalSection(ProjectConfigurationPlatforms) = postSolution
		{FDB019C2-E19D-4A9F-93A6-3BEF5DEEF300}.Debug|Any CPU.ActiveCfg = Debug|Any CPU
		{FDB019C2-E19D-4A9F-93A6-3BEF5DEEF300}.Debug|Any CPU.Build.0 = Debug|Any CPU
		{FDB019C2-E19D-4A9F-93A6-3BEF5DEEF300}.Release|Any CPU.ActiveCfg = Release|Any CPU
		{FDB019C2-E19D-4A9F-93A6-3BEF5DEEF300}.Release|Any CPU.Build.0 = Release|Any CPU
	EndGlobalSection
	GlobalSection(SolutionProperties) = preSolution
		HideSolutionNode = FALSE
	EndGlobalSection
EndGlobal
